// !$*UTF8*$!
{
	archiveVersion = 1;
	classes = {
	};
	objectVersion = 50;
	objects = {

/* Begin PBXBuildFile section */
		FA95B1122615FFAC004E1D95 /* HWS_08_MoonshotApp.swift in Sources */ = {isa = PBXBuildFile; fileRef = FA95B1112615FFAC004E1D95 /* HWS_08_MoonshotApp.swift */; };
		FA95B1142615FFAC004E1D95 /* ContentView.swift in Sources */ = {isa = PBXBuildFile; fileRef = FA95B1132615FFAC004E1D95 /* ContentView.swift */; };
		FA95B1162615FFAD004E1D95 /* Assets.xcassets in Resources */ = {isa = PBXBuildFile; fileRef = FA95B1152615FFAD004E1D95 /* Assets.xcassets */; };
		FA95B1192615FFAD004E1D95 /* Preview Assets.xcassets in Resources */ = {isa = PBXBuildFile; fileRef = FA95B1182615FFAD004E1D95 /* Preview Assets.xcassets */; };
		FA95B1232615FFF7004E1D95 /* astronauts.json in Resources */ = {isa = PBXBuildFile; fileRef = FA95B1212615FFF7004E1D95 /* astronauts.json */; };
		FA95B1242615FFF7004E1D95 /* missions.json in Resources */ = {isa = PBXBuildFile; fileRef = FA95B1222615FFF7004E1D95 /* missions.json */; };
/* End PBXBuildFile section */

/* Begin PBXFileReference section */
		FA95B10E2615FFAC004E1D95 /* HWS-08-Moonshot.app */ = {isa = PBXFileReference; explicitFileType = wrapper.application; includeInIndex = 0; path = "HWS-08-Moonshot.app"; sourceTree = BUILT_PRODUCTS_DIR; };
		FA95B1112615FFAC004E1D95 /* HWS_08_MoonshotApp.swift */ = {isa = PBXFileReference; lastKnownFileType = sourcecode.swift; path = HWS_08_MoonshotApp.swift; sourceTree = "<group>"; };
		FA95B1132615FFAC004E1D95 /* ContentView.swift */ = {isa = PBXFileReference; lastKnownFileType = sourcecode.swift; path = ContentView.swift; sourceTree = "<group>"; };
		FA95B1152615FFAD004E1D95 /* Assets.xcassets */ = {isa = PBXFileReference; lastKnownFileType = folder.assetcatalog; path = Assets.xcassets; sourceTree = "<group>"; };
		FA95B1182615FFAD004E1D95 /* Preview Assets.xcassets */ = {isa = PBXFileReference; lastKnownFileType = folder.assetcatalog; path = "Preview Assets.xcassets"; sourceTree = "<group>"; };
		FA95B11A2615FFAD004E1D95 /* Info.plist */ = {isa = PBXFileReference; lastKnownFileType = text.plist.xml; path = Info.plist; sourceTree = "<group>"; };
		FA95B1212615FFF7004E1D95 /* astronauts.json */ = {isa = PBXFileReference; fileEncoding = 4; lastKnownFileType = text.json; path = astronauts.json; sourceTree = "<group>"; };
		FA95B1222615FFF7004E1D95 /* missions.json */ = {isa = PBXFileReference; fileEncoding = 4; lastKnownFileType = text.json; path = missions.json; sourceTree = "<group>"; };
/* End PBXFileReference section */

/* Begin PBXFrameworksBuildPhase section */
		FA95B10B2615FFAC004E1D95 /* Frameworks */ = {
			isa = PBXFrameworksBuildPhase;
			buildActionMask = 2147483647;
			files = (
			);
			runOnlyForDeploymentPostprocessing = 0;
		};
/* End PBXFrameworksBuildPhase section */

/* Begin PBXGroup section */
		FA95B1052615FFAC004E1D95 = {
			isa = PBXGroup;
			children = (
				FA95B1102615FFAC004E1D95 /* HWS-08-Moonshot */,
				FA95B10F2615FFAC004E1D95 /* Products */,
			);
			sourceTree = "<group>";
		};
		FA95B10F2615FFAC004E1D95 /* Products */ = {
			isa = PBXGroup;
			children = (
				FA95B10E2615FFAC004E1D95 /* HWS-08-Moonshot.app */,
			);
			name = Products;
			sourceTree = "<group>";
		};
		FA95B1102615FFAC004E1D95 /* HWS-08-Moonshot */ = {
			isa = PBXGroup;
			children = (
				FA95B1112615FFAC004E1D95 /* HWS_08_MoonshotApp.swift */,
				FA95B1132615FFAC004E1D95 /* ContentView.swift */,
				FA95B1152615FFAD004E1D95 /* Assets.xcassets */,
				FA95B11A2615FFAD004E1D95 /* Info.plist */,
				FA95B1212615FFF7004E1D95 /* astronauts.json */,
				FA95B1222615FFF7004E1D95 /* missions.json */,
				FA95B1172615FFAD004E1D95 /* Preview Content */,
			);
			path = "HWS-08-Moonshot";
			sourceTree = "<group>";
		};
		FA95B1172615FFAD004E1D95 /* Preview Content */ = {
			isa = PBXGroup;
			children = (
				FA95B1182615FFAD004E1D95 /* Preview Assets.xcassets */,
			);
			path = "Preview Content";
			sourceTree = "<group>";
		};
/* End PBXGroup section */

/* Begin PBXNativeTarget section */
		FA95B10D2615FFAC004E1D95 /* HWS-08-Moonshot */ = {
			isa = PBXNativeTarget;
			buildConfigurationList = FA95B11D2615FFAD004E1D95 /* Build configuration list for PBXNativeTarget "HWS-08-Moonshot" */;
			buildPhases = (
				FA95B10A2615FFAC004E1D95 /* Sources */,
				FA95B10B2615FFAC004E1D95 /* Frameworks */,
				FA95B10C2615FFAC004E1D95 /* Resources */,
			);
			buildRules = (
			);
			dependencies = (
			);
			name = "HWS-08-Moonshot";
			productName = "HWS-08-Moonshot";
			productReference = FA95B10E2615FFAC004E1D95 /* HWS-08-Moonshot.app */;
			productType = "com.apple.product-type.application";
		};
/* End PBXNativeTarget section */

/* Begin PBXProject section */
		FA95B1062615FFAC004E1D95 /* Project object */ = {
			isa = PBXProject;
			attributes = {
				LastSwiftUpdateCheck = 1240;
				LastUpgradeCheck = 1240;
				TargetAttributes = {
					FA95B10D2615FFAC004E1D95 = {
						CreatedOnToolsVersion = 12.4;
					};
				};
			};
			buildConfigurationList = FA95B1092615FFAC004E1D95 /* Build configuration list for PBXProject "HWS-08-Moonshot" */;
			compatibilityVersion = "Xcode 9.3";
			developmentRegion = en;
			hasScannedForEncodings = 0;
			knownRegions = (
				en,
				Base,
			);
			mainGroup = FA95B1052615FFAC004E1D95;
			productRefGroup = FA95B10F2615FFAC004E1D95 /* Products */;
			projectDirPath = "";
			projectRoot = "";
			targets = (
				FA95B10D2615FFAC004E1D95 /* HWS-08-Moonshot */,
			);
		};
/* End PBXProject section */

/* Begin PBXResourcesBuildPhase section */
		FA95B10C2615FFAC004E1D95 /* Resources */ = {
			isa = PBXResourcesBuildPhase;
			buildActionMask = 2147483647;
			files = (
				FA95B1232615FFF7004E1D95 /* astronauts.json in Resources */,
				FA95B1192615FFAD004E1D95 /* Preview Assets.xcassets in Resources */,
				FA95B1242615FFF7004E1D95 /* missions.json in Resources */,
				FA95B1162615FFAD004E1D95 /* Assets.xcassets in Resources */,
			);
			runOnlyForDeploymentPostprocessing = 0;
		};
/* End PBXResourcesBuildPhase section */

/* Begin PBXSourcesBuildPhase section */
		FA95B10A2615FFAC004E1D95 /* Sources */ = {
			isa = PBXSourcesBuildPhase;
			buildActionMask = 2147483647;
			files = (
				FA95B1142615FFAC004E1D95 /* ContentView.swift in Sources */,
				FA95B1122615FFAC004E1D95 /* HWS_08_MoonshotApp.swift in Sources */,
			);
			runOnlyForDeploymentPostprocessing = 0;
		};
/* End PBXSourcesBuildPhase section */

/* Begin XCBuildConfiguration section */
		FA95B11B2615FFAD004E1D95 /* Debug */ = {
			isa = XCBuildConfiguration;
			buildSettings = {
				ALWAYS_SEARCH_USER_PATHS = NO;
				CLANG_ANALYZER_NONNULL = YES;
				CLANG_ANALYZER_NUMBER_OBJECT_CONVERSION = YES_AGGRESSIVE;
				CLANG_CXX_LANGUAGE_STANDARD = "gnu++14";
				CLANG_CXX_LIBRARY = "libc++";
				CLANG_ENABLE_MODULES = YES;
				CLANG_ENABLE_OBJC_ARC = YES;
				CLANG_ENABLE_OBJC_WEAK = YES;
				CLANG_WARN_BLOCK_CAPTURE_AUTORELEASING = YES;
				CLANG_WARN_BOOL_CONVERSION = YES;
				CLANG_WARN_COMMA = YES;
				CLANG_WARN_CONSTANT_CONVERSION = YES;
				CLANG_WARN_DEPRECATED_OBJC_IMPLEMENTATIONS = YES;
				CLANG_WARN_DIRECT_OBJC_ISA_USAGE = YES_ERROR;
				CLANG_WARN_DOCUMENTATION_COMMENTS = YES;
				CLANG_WARN_EMPTY_BODY = YES;
				CLANG_WARN_ENUM_CONVERSION = YES;
				CLANG_WARN_INFINITE_RECURSION = YES;
				CLANG_WARN_INT_CONVERSION = YES;
				CLANG_WARN_NON_LITERAL_NULL_CONVERSION = YES;
				CLANG_WARN_OBJC_IMPLICIT_RETAIN_SELF = YES;
				CLANG_WARN_OBJC_LITERAL_CONVERSION = YES;
				CLANG_WARN_OBJC_ROOT_CLASS = YES_ERROR;
				CLANG_WARN_QUOTED_INCLUDE_IN_FRAMEWORK_HEADER = YES;
				CLANG_WARN_RANGE_LOOP_ANALYSIS = YES;
				CLANG_WARN_STRICT_PROTOTYPES = YES;
				CLANG_WARN_SUSPICIOUS_MOVE = YES;
				CLANG_WARN_UNGUARDED_AVAILABILITY = YES_AGGRESSIVE;
				CLANG_WARN_UNREACHABLE_CODE = YES;
				CLANG_WARN__DUPLICATE_METHOD_MATCH = YES;
				COPY_PHASE_STRIP = NO;
				DEBUG_INFORMATION_FORMAT = dwarf;
				ENABLE_STRICT_OBJC_MSGSEND = YES;
				ENABLE_TESTABILITY = YES;
				GCC_C_LANGUAGE_STANDARD = gnu11;
				GCC_DYNAMIC_NO_PIC = NO;
				GCC_NO_COMMON_BLOCKS = YES;
				GCC_OPTIMIZATION_LEVEL = 0;
				GCC_PREPROCESSOR_DEFINITIONS = (
					"DEBUG=1",
					"$(inherited)",
				);
				GCC_WARN_64_TO_32_BIT_CONVERSION = YES;
				GCC_WARN_ABOUT_RETURN_TYPE = YES_ERROR;
				GCC_WARN_UNDECLARED_SELECTOR = YES;
				GCC_WARN_UNINITIALIZED_AUTOS = YES_AGGRESSIVE;
				GCC_WARN_UNUSED_FUNCTION = YES;
				GCC_WARN_UNUSED_VARIABLE = YES;
				IPHONEOS_DEPLOYMENT_TARGET = 14.4;
				MTL_ENABLE_DEBUG_INFO = INCLUDE_SOURCE;
				MTL_FAST_MATH = YES;
				ONLY_ACTIVE_ARCH = YES;
				SDKROOT = iphoneos;
				SWIFT_ACTIVE_COMPILATION_CONDITIONS = DEBUG;
				SWIFT_OPTIMIZATION_LEVEL = "-Onone";
			};
			name = Debug;
		};
		FA95B11C2615FFAD004E1D95 /* Release */ = {
			isa = XCBuildConfiguration;
			buildSettings = {
				ALWAYS_SEARCH_USER_PATHS = NO;
				CLANG_ANALYZER_NONNULL = YES;
				CLANG_ANALYZER_NUMBER_OBJECT_CONVERSION = YES_AGGRESSIVE;
				CLANG_CXX_LANGUAGE_STANDARD = "gnu++14";
				CLANG_CXX_LIBRARY = "libc++";
				CLANG_ENABLE_MODULES = YES;
				CLANG_ENABLE_OBJC_ARC = YES;
				CLANG_ENABLE_OBJC_WEAK = YES;
				CLANG_WARN_BLOCK_CAPTURE_AUTORELEASING = YES;
				CLANG_WARN_BOOL_CONVERSION = YES;
				CLANG_WARN_COMMA = YES;
				CLANG_WARN_CONSTANT_CONVERSION = YES;
				CLANG_WARN_DEPRECATED_OBJC_IMPLEMENTATIONS = YES;
				CLANG_WARN_DIRECT_OBJC_ISA_USAGE = YES_ERROR;
				CLANG_WARN_DOCUMENTATION_COMMENTS = YES;
				CLANG_WARN_EMPTY_BODY = YES;
				CLANG_WARN_ENUM_CONVERSION = YES;
				CLANG_WARN_INFINITE_RECURSION = YES;
				CLANG_WARN_INT_CONVERSION = YES;
				CLANG_WARN_NON_LITERAL_NULL_CONVERSION = YES;
				CLANG_WARN_OBJC_IMPLICIT_RETAIN_SELF = YES;
				CLANG_WARN_OBJC_LITERAL_CONVERSION = YES;
				CLANG_WARN_OBJC_ROOT_CLASS = YES_ERROR;
				CLANG_WARN_QUOTED_INCLUDE_IN_FRAMEWORK_HEADER = YES;
				CLANG_WARN_RANGE_LOOP_ANALYSIS = YES;
				CLANG_WARN_STRICT_PROTOTYPES = YES;
				CLANG_WARN_SUSPICIOUS_MOVE = YES;
				CLANG_WARN_UNGUARDED_AVAILABILITY = YES_AGGRESSIVE;
				CLANG_WARN_UNREACHABLE_CODE = YES;
				CLANG_WARN__DUPLICATE_METHOD_MATCH = YES;
				COPY_PHASE_STRIP = NO;
				DEBUG_INFORMATION_FORMAT = "dwarf-with-dsym";
				ENABLE_NS_ASSERTIONS = NO;
				ENABLE_STRICT_OBJC_MSGSEND = YES;
				GCC_C_LANGUAGE_STANDARD = gnu11;
				GCC_NO_COMMON_BLOCKS = YES;
				GCC_WARN_64_TO_32_BIT_CONVERSION = YES;
				GCC_WARN_ABOUT_RETURN_TYPE = YES_ERROR;
				GCC_WARN_UNDECLARED_SELECTOR = YES;
				GCC_WARN_UNINITIALIZED_AUTOS = YES_AGGRESSIVE;
				GCC_WARN_UNUSED_FUNCTION = YES;
				GCC_WARN_UNUSED_VARIABLE = YES;
				IPHONEOS_DEPLOYMENT_TARGET = 14.4;
				MTL_ENABLE_DEBUG_INFO = NO;
				MTL_FAST_MATH = YES;
				SDKROOT = iphoneos;
				SWIFT_COMPILATION_MODE = wholemodule;
				SWIFT_OPTIMIZATION_LEVEL = "-O";
				VALIDATE_PRODUCT = YES;
			};
			name = Release;
		};
		FA95B11E2615FFAD004E1D95 /* Debug */ = {
			isa = XCBuildConfiguration;
			buildSettings = {
				ASSETCATALOG_COMPILER_APPICON_NAME = AppIcon;
				ASSETCATALOG_COMPILER_GLOBAL_ACCENT_COLOR_NAME = AccentColor;
				CODE_SIGN_STYLE = Automatic;
				DEVELOPMENT_ASSET_PATHS = "\"HWS-08-Moonshot/Preview Content\"";
				DEVELOPMENT_TEAM = 5V98Z8U43N;
				ENABLE_PREVIEWS = YES;
				INFOPLIST_FILE = "HWS-08-Moonshot/Info.plist";
				IPHONEOS_DEPLOYMENT_TARGET = 14.0;
				LD_RUNPATH_SEARCH_PATHS = (
					"$(inherited)",
					"@executable_path/Frameworks",
				);
				PRODUCT_BUNDLE_IDENTIFIER = "Manuel-Casocavallo.HWS-08-Moonshot";
				PRODUCT_NAME = "$(TARGET_NAME)";
				SWIFT_VERSION = 5.0;
				TARGETED_DEVICE_FAMILY = "1,2";
			};
			name = Debug;
		};
		FA95B11F2615FFAD004E1D95 /* Release */ = {
			isa = XCBuildConfiguration;
			buildSettings = {
				ASSETCATALOG_COMPILER_APPICON_NAME = AppIcon;
				ASSETCATALOG_COMPILER_GLOBAL_ACCENT_COLOR_NAME = AccentColor;
				CODE_SIGN_STYLE = Automatic;
				DEVELOPMENT_ASSET_PATHS = "\"HWS-08-Moonshot/Preview Content\"";
				DEVELOPMENT_TEAM = 5V98Z8U43N;
				ENABLE_PREVIEWS = YES;
				INFOPLIST_FILE = "HWS-08-Moonshot/Info.plist";
				IPHONEOS_DEPLOYMENT_TARGET = 14.0;
				LD_RUNPATH_SEARCH_PATHS = (
					"$(inherited)",
					"@executable_path/Frameworks",
				);
				PRODUCT_BUNDLE_IDENTIFIER = "Manuel-Casocavallo.HWS-08-Moonshot";
				PRODUCT_NAME = "$(TARGET_NAME)";
				SWIFT_VERSION = 5.0;
				TARGETED_DEVICE_FAMILY = "1,2";
			};
			name = Release;
		};
/* End XCBuildConfiguration section */

/* Begin XCConfigurationList section */
		FA95B1092615FFAC004E1D95 /* Build configuration list for PBXProject "HWS-08-Moonshot" */ = {
			isa = XCConfigurationList;
			buildConfigurations = (
				FA95B11B2615FFAD004E1D95 /* Debug */,
				FA95B11C2615FFAD004E1D95 /* Release */,
			);
			defaultConfigurationIsVisible = 0;
			defaultConfigurationName = Release;
		};
		FA95B11D2615FFAD004E1D95 /* Build configuration list for PBXNativeTarget "HWS-08-Moonshot" */ = {
			isa = XCConfigurationList;
			buildConfigurations = (
				FA95B11E2615FFAD004E1D95 /* Debug */,
				FA95B11F2615FFAD004E1D95 /* Release */,
			);
			defaultConfigurationIsVisible = 0;
			defaultConfigurationName = Release;
		};
/* End XCConfigurationList section */
	};
	rootObject = FA95B1062615FFAC004E1D95 /* Project object */;
}
